{
  "name": "voice2care",
  "lockfileVersion": 3,
  "requires": true,
  "packages": {
    "": {
      "dependencies": {
        "@types/dom-speech-recognition": "^0.0.6"
      }
    },
    "node_modules/@types/dom-speech-recognition": {
      "version": "0.0.6",
      "resolved": "https://registry.npmjs.org/@types/dom-speech-recognition/-/dom-speech-recognition-0.0.6.tgz",
      "integrity": "sha512-o7pAVq9UQPJL5RDjO1f/fcpfFHdgiMnR4PoIU2N/ZQrYOS3C5rzdOJMsrpqeBCbii2EE9mERXgqspQqPDdPahw=="
    }
  }
}
